
Microsoft Visual Studio Solution File, Format Version 12.00
# Visual Studio Version 16
VisualStudioVersion = 16.0.30907.101
MinimumVisualStudioVersion = 10.0.40219.1
Project("{9A19103F-16F7-4668-BE54-9A1E7A4F7556}") = "ReverseString", "ReverseString\ReverseString.csproj", "{AF26785C-2DBE-4B12-AB27-3C8E6EA2E60E}"
EndProject
Project("{9A19103F-16F7-4668-BE54-9A1E7A4F7556}") = "StackSum", "StackSum\StackSum.csproj", "{66889A13-7084-4D2E-BB68-32D5DDAAE4FB}"
EndProject
Project("{9A19103F-16F7-4668-BE54-9A1E7A4F7556}") = "Stack Sum", "Stack Sum\Stack Sum.csproj", "{720BF3CB-251F-4C96-979A-F5DA0BD5F261}"
EndProject
Project("{9A19103F-16F7-4668-BE54-9A1E7A4F7556}") = "ExtractBrackets", "ExtractBrackets\ExtractBrackets.csproj", "{D74A251C-DA47-4CB3-AAFF-D05123BC8E03}"
EndProject
Project("{9A19103F-16F7-4668-BE54-9A1E7A4F7556}") = "Hot Potato", "Hot Potato\Hot Potato.csproj", "{5F2DF175-3133-4878-AB6B-0E9F496DF736}"
EndProject
Project("{9A19103F-16F7-4668-BE54-9A1E7A4F7556}") = "Traffic Jam", "Traffic Jam\Traffic Jam.csproj", "{4D8EB89C-F36F-498A-9223-84392EA13923}"
EndProject
Project("{2150E333-8FDC-42A3-9474-1A3956D46DE8}") = "Stacks and Queues", "Stacks and Queues", "{31800CA5-465E-4D82-BC45-74E9474EAE3E}"
EndProject
Project("{2150E333-8FDC-42A3-9474-1A3956D46DE8}") = "Exercise Stacks and Queues", "Exercise Stacks and Queues", "{C4FBA74A-0E65-46E8-ABA4-59B8EC17FCC9}"
EndProject
Project("{9A19103F-16F7-4668-BE54-9A1E7A4F7556}") = "Basic Stack Operations", "Basic Stack Operations\Basic Stack Operations.csproj", "{112D63C3-EEF7-445D-BB88-71AF66ECB6A4}"
EndProject
Project("{9A19103F-16F7-4668-BE54-9A1E7A4F7556}") = "Basic Queue Operations", "Basic Queue Operations\Basic Queue Operations.csproj", "{FA825F0B-EB5C-4CDC-ADFE-1D4040AC5CFE}"
EndProject
Project("{9A19103F-16F7-4668-BE54-9A1E7A4F7556}") = "Fast Food", "Fast Food\Fast Food.csproj", "{CD9A2293-7C6A-420C-BE22-F570E0CD1B97}"
EndProject
Project("{9A19103F-16F7-4668-BE54-9A1E7A4F7556}") = "Songs Queue", "Songs Queue\Songs Queue.csproj", "{CCC3D646-DC87-486D-B834-A1CCE2FAC6ED}"
EndProject
Project("{9A19103F-16F7-4668-BE54-9A1E7A4F7556}") = "Truck Tour", "Truck Tour\Truck Tour.csproj", "{4CAE0F6A-D699-449D-8D18-BB3D18A5D6EE}"
EndProject
Project("{9A19103F-16F7-4668-BE54-9A1E7A4F7556}") = "Maximum and Minimum Element", "Maximum and Minimum Element\Maximum and Minimum Element.csproj", "{E9483423-C93C-4F10-A561-24E03216F733}"
EndProject
Project("{9A19103F-16F7-4668-BE54-9A1E7A4F7556}") = "Balanced Parentheses", "Balanced Parentheses\Balanced Parentheses.csproj", "{20A764AD-D675-4CB7-BDD8-AE933669BFCE}"
EndProject
Project("{9A19103F-16F7-4668-BE54-9A1E7A4F7556}") = "Simple Text Editor", "Simple Text Editor\Simple Text Editor.csproj", "{C5231B7C-4DB5-4486-89D1-D480E25024B0}"
EndProject
Project("{2150E333-8FDC-42A3-9474-1A3956D46DE8}") = "Multidimentional arrays", "Multidimentional arrays", "{ABC3303D-2320-46C2-AD68-DC417B6D9826}"
EndProject
Project("{9A19103F-16F7-4668-BE54-9A1E7A4F7556}") = "test", "test\test.csproj", "{AAAC7D88-6C31-4385-B505-560B1D74A608}"
EndProject
Project("{9A19103F-16F7-4668-BE54-9A1E7A4F7556}") = "SumMatrix", "SumMatrix\SumMatrix.csproj", "{611818B3-10EF-4D5E-8E3D-137F21F9C22E}"
EndProject
Project("{9A19103F-16F7-4668-BE54-9A1E7A4F7556}") = "2x2", "2x2\2x2.csproj", "{E6306E40-35BA-49B7-A6F8-C159CEBB44B4}"
EndProject
Project("{9A19103F-16F7-4668-BE54-9A1E7A4F7556}") = "Jagged Array", "Jagged Array\Jagged Array.csproj", "{E932EC6B-5A0A-4C5A-875C-1269BC01CFE1}"
EndProject
Project("{9A19103F-16F7-4668-BE54-9A1E7A4F7556}") = "PascalPyramid", "PascalPyramid\PascalPyramid.csproj", "{47A78FDB-3C27-426C-8A82-AD7F3E35A1D2}"
EndProject
Project("{2150E333-8FDC-42A3-9474-1A3956D46DE8}") = "Exercise Multidimentional arrays", "Exercise Multidimentional arrays", "{0BAB816F-7949-45A0-B1FD-E80F6B1CC40A}"
EndProject
Project("{9A19103F-16F7-4668-BE54-9A1E7A4F7556}") = "Diagonal Difference", "Diagonal Difference\Diagonal Difference.csproj", "{15B31954-A73C-4FF3-94FF-3FB6262D5E24}"
EndProject
Project("{9A19103F-16F7-4668-BE54-9A1E7A4F7556}") = "2X2 Squares in Matrix", "2X2 Squares in Matrix\2X2 Squares in Matrix.csproj", "{9A0027E0-E648-4884-B6F7-2A1F0BAFB1FE}"
EndProject
Project("{9A19103F-16F7-4668-BE54-9A1E7A4F7556}") = "Maximal Sum", "Maximal Sum\Maximal Sum.csproj", "{AF31B444-7749-4B53-9CA9-C43ECE4F5C0E}"
EndProject
Project("{9A19103F-16F7-4668-BE54-9A1E7A4F7556}") = "Matrix Shuffling", "Matrix Shuffling\Matrix Shuffling.csproj", "{6D032B2A-698D-4FF1-80C5-AA2D11BD1560}"
EndProject
Project("{9A19103F-16F7-4668-BE54-9A1E7A4F7556}") = "Snake Moves", "Snake Moves\Snake Moves.csproj", "{864E955F-1D5E-43E8-B4F6-53E6AEC7EBAF}"
EndProject
Project("{9A19103F-16F7-4668-BE54-9A1E7A4F7556}") = "Jagged Array Manipulator", "Jagged Array Manipulator\Jagged Array Manipulator.csproj", "{C32DE432-1CBE-4E1F-971A-796054BF6193}"
EndProject
Project("{9A19103F-16F7-4668-BE54-9A1E7A4F7556}") = "Knight Game", "Knight Game\Knight Game.csproj", "{01B25983-4CAC-4ADF-B07B-193D4456BE74}"
EndProject
Project("{2150E333-8FDC-42A3-9474-1A3956D46DE8}") = "Sets and Dictionaries", "Sets and Dictionaries", "{62A7CC75-CD4F-4B38-B082-3760FE048E0A}"
EndProject
Project("{9A19103F-16F7-4668-BE54-9A1E7A4F7556}") = "NumbersCount", "NumbersCount\NumbersCount.csproj", "{77A42363-67B7-489F-9F1E-4F7601547D06}"
EndProject
Project("{9A19103F-16F7-4668-BE54-9A1E7A4F7556}") = "StudentsGrade", "StudentsGrade\StudentsGrade.csproj", "{D638CC64-60C7-4966-81B4-BE1D4821D384}"
EndProject
Project("{9A19103F-16F7-4668-BE54-9A1E7A4F7556}") = "Product Shop", "Product Shop\Product Shop.csproj", "{1A38E39A-3B5D-48FD-A5E2-83B4A04D0471}"
EndProject
Project("{2150E333-8FDC-42A3-9474-1A3956D46DE8}") = "Exercise Sets and Dictionaries", "Exercise Sets and Dictionaries", "{8383E689-E258-4788-AE71-FB8D9B80D92B}"
EndProject
Project("{9A19103F-16F7-4668-BE54-9A1E7A4F7556}") = "Cities By Continent and Country", "Cities By Continent and Country\Cities By Continent and Country.csproj", "{A988DABA-1FC6-4A80-B4BA-52B82903D79D}"
EndProject
Project("{9A19103F-16F7-4668-BE54-9A1E7A4F7556}") = "Record Unique Names", "Record Unique Names\Record Unique Names.csproj", "{12AB8CFA-AF67-4547-A65B-9CAC8EA4E8E8}"
EndProject
Project("{9A19103F-16F7-4668-BE54-9A1E7A4F7556}") = "Sets of Elements", "Sets of Elements\Sets of Elements.csproj", "{312E9CEA-1D02-4341-96C4-2A61939BBB34}"
EndProject
Project("{9A19103F-16F7-4668-BE54-9A1E7A4F7556}") = "Periodic Table", "Periodic Table\Periodic Table.csproj", "{38626826-1C9F-45E7-9851-40E991D74147}"
EndProject
Project("{9A19103F-16F7-4668-BE54-9A1E7A4F7556}") = "Even Times", "Even Times\Even Times.csproj", "{C1581444-5788-4AC5-9CF6-0059478B1CC3}"
EndProject
Project("{9A19103F-16F7-4668-BE54-9A1E7A4F7556}") = "Count Symbols", "Count Symbols\Count Symbols.csproj", "{D35F6049-01C7-4929-B6B1-549B7CA2C7CF}"
EndProject
Project("{9A19103F-16F7-4668-BE54-9A1E7A4F7556}") = "Wardrobe", "Wardrobe\Wardrobe.csproj", "{6B2AEE86-BA8C-43B0-AC36-61FF676244A6}"
EndProject
Project("{2150E333-8FDC-42A3-9474-1A3956D46DE8}") = "Sream Files and Directories", "Sream Files and Directories", "{AE95B84C-F4D8-46CC-9488-0A2C6F49E84B}"
EndProject
Project("{9A19103F-16F7-4668-BE54-9A1E7A4F7556}") = "ConsoleApp1", "ConsoleApp1\ConsoleApp1.csproj", "{B6B5915E-4D7D-4BF1-AC39-861509AD122B}"
EndProject
Project("{9A19103F-16F7-4668-BE54-9A1E7A4F7556}") = "OddLines", "OddLines\OddLines.csproj", "{40BD8D50-20D1-4062-B439-AA3091F4F9EE}"
EndProject
Project("{9A19103F-16F7-4668-BE54-9A1E7A4F7556}") = "OddLinesOutput", "OddLinesOutput\OddLinesOutput.csproj", "{B2EAC635-2DAE-422F-89D3-9E1C04D88E81}"
EndProject
Project("{9A19103F-16F7-4668-BE54-9A1E7A4F7556}") = "SliceMe", "SliceMe\SliceMe.csproj", "{717F6DD7-A863-4613-A89B-4A3B911DD596}"
EndProject
Project("{2150E333-8FDC-42A3-9474-1A3956D46DE8}") = "Exercise Sream Files and Directories", "Exercise Sream Files and Directories", "{D2B799D7-212E-4D24-863F-2FEA884977F9}"
EndProject
Project("{9A19103F-16F7-4668-BE54-9A1E7A4F7556}") = "1.EvenLines", "EvenLines\1.EvenLines.csproj", "{83E21D27-F60E-4197-B635-58A8B1C9623F}"
EndProject
Project("{9A19103F-16F7-4668-BE54-9A1E7A4F7556}") = "2.LineNumbers", "LineNumbers\2.LineNumbers.csproj", "{21CD3165-E0D9-4FB2-8EF0-4735B6B8EEC9}"
EndProject
Project("{FAE04EC0-301F-11D3-BF4B-00C04F79EFBC}") = "3.WordCount", "WoudCount\3.WordCount.csproj", "{446001AA-010F-453C-9C88-7BE4ADA690B2}"
EndProject
Project("{FAE04EC0-301F-11D3-BF4B-00C04F79EFBC}") = "4.CopyBinaryFile", "CopyBinaryFile\4.CopyBinaryFile.csproj", "{1992A878-FFBF-430B-9767-04277C8F2643}"
EndProject
Project("{FAE04EC0-301F-11D3-BF4B-00C04F79EFBC}") = "5.Directory Traversal", "Directory Traversal\5.Directory Traversal.csproj", "{8ECA10BD-ABDB-4C4F-90BC-A33D15B78F30}"
EndProject
Project("{FAE04EC0-301F-11D3-BF4B-00C04F79EFBC}") = "6.ZipFileAndExtract", "ZipFileAndExtract\6.ZipFileAndExtract.csproj", "{5D49D375-709F-45BC-BE26-13855DC59E90}"
EndProject
Project("{2150E333-8FDC-42A3-9474-1A3956D46DE8}") = "DefiningClases", "DefiningClases", "{1B9687A7-3AFF-4A62-8C22-18F02C58F431}"
EndProject
Project("{9A19103F-16F7-4668-BE54-9A1E7A4F7556}") = "1.Person", "1.Person\1.Person.csproj", "{3B1E4974-6610-4E13-9799-9B246DCC3BF4}"
EndProject
Project("{9A19103F-16F7-4668-BE54-9A1E7A4F7556}") = "DateModifier", "DateModifier\DateModifier.csproj", "{CD35C7B8-0299-480E-9095-AD717137214C}"
EndProject
Project("{2150E333-8FDC-42A3-9474-1A3956D46DE8}") = "Exam Preparation", "Exam Preparation", "{157B93DF-4DF1-4586-BD31-95D58E685AF9}"
EndProject
Project("{9A19103F-16F7-4668-BE54-9A1E7A4F7556}") = "Scheduling", "Scheduling\Scheduling.csproj", "{B820CC88-F866-4272-BA68-05431B4316FD}"
EndProject
Project("{9A19103F-16F7-4668-BE54-9A1E7A4F7556}") = "ClassroomProject", "Submission_21713608\ClassroomProject.csproj", "{9369E073-4935-4EBE-B466-74A2786E4EFC}"
EndProject
Project("{9A19103F-16F7-4668-BE54-9A1E7A4F7556}") = "Garden", "Garden\Garden.csproj", "{E3815A46-B031-4FA3-99EC-F9BCA013F527}"
EndProject
Project("{2150E333-8FDC-42A3-9474-1A3956D46DE8}") = "Exam", "Exam", "{5B3D948C-1C65-4065-8145-A7120138B39A}"
EndProject
Project("{FAE04EC0-301F-11D3-BF4B-00C04F79EFBC}") = "MasterChef", "MasterChef\MasterChef.csproj", "{15DEBF20-D948-4457-84E8-48FDFC085072}"
EndProject
Project("{FAE04EC0-301F-11D3-BF4B-00C04F79EFBC}") = "Survivor", "Survivor\Survivor.csproj", "{EDA61638-88FF-4BCD-925C-FF12F7FE55C9}"
EndProject
Global
	GlobalSection(SolutionConfigurationPlatforms) = preSolution
		Debug|Any CPU = Debug|Any CPU
		Release|Any CPU = Release|Any CPU
	EndGlobalSection
	GlobalSection(ProjectConfigurationPlatforms) = postSolution
		{AF26785C-2DBE-4B12-AB27-3C8E6EA2E60E}.Debug|Any CPU.ActiveCfg = Debug|Any CPU
		{AF26785C-2DBE-4B12-AB27-3C8E6EA2E60E}.Debug|Any CPU.Build.0 = Debug|Any CPU
		{AF26785C-2DBE-4B12-AB27-3C8E6EA2E60E}.Release|Any CPU.ActiveCfg = Release|Any CPU
		{AF26785C-2DBE-4B12-AB27-3C8E6EA2E60E}.Release|Any CPU.Build.0 = Release|Any CPU
		{66889A13-7084-4D2E-BB68-32D5DDAAE4FB}.Debug|Any CPU.ActiveCfg = Debug|Any CPU
		{66889A13-7084-4D2E-BB68-32D5DDAAE4FB}.Debug|Any CPU.Build.0 = Debug|Any CPU
		{66889A13-7084-4D2E-BB68-32D5DDAAE4FB}.Release|Any CPU.ActiveCfg = Release|Any CPU
		{66889A13-7084-4D2E-BB68-32D5DDAAE4FB}.Release|Any CPU.Build.0 = Release|Any CPU
		{720BF3CB-251F-4C96-979A-F5DA0BD5F261}.Debug|Any CPU.ActiveCfg = Debug|Any CPU
		{720BF3CB-251F-4C96-979A-F5DA0BD5F261}.Debug|Any CPU.Build.0 = Debug|Any CPU
		{720BF3CB-251F-4C96-979A-F5DA0BD5F261}.Release|Any CPU.ActiveCfg = Release|Any CPU
		{720BF3CB-251F-4C96-979A-F5DA0BD5F261}.Release|Any CPU.Build.0 = Release|Any CPU
		{D74A251C-DA47-4CB3-AAFF-D05123BC8E03}.Debug|Any CPU.ActiveCfg = Debug|Any CPU
		{D74A251C-DA47-4CB3-AAFF-D05123BC8E03}.Debug|Any CPU.Build.0 = Debug|Any CPU
		{D74A251C-DA47-4CB3-AAFF-D05123BC8E03}.Release|Any CPU.ActiveCfg = Release|Any CPU
		{D74A251C-DA47-4CB3-AAFF-D05123BC8E03}.Release|Any CPU.Build.0 = Release|Any CPU
		{5F2DF175-3133-4878-AB6B-0E9F496DF736}.Debug|Any CPU.ActiveCfg = Debug|Any CPU
		{5F2DF175-3133-4878-AB6B-0E9F496DF736}.Debug|Any CPU.Build.0 = Debug|Any CPU
		{5F2DF175-3133-4878-AB6B-0E9F496DF736}.Release|Any CPU.ActiveCfg = Release|Any CPU
		{5F2DF175-3133-4878-AB6B-0E9F496DF736}.Release|Any CPU.Build.0 = Release|Any CPU
		{4D8EB89C-F36F-498A-9223-84392EA13923}.Debug|Any CPU.ActiveCfg = Debug|Any CPU
		{4D8EB89C-F36F-498A-9223-84392EA13923}.Debug|Any CPU.Build.0 = Debug|Any CPU
		{4D8EB89C-F36F-498A-9223-84392EA13923}.Release|Any CPU.ActiveCfg = Release|Any CPU
		{4D8EB89C-F36F-498A-9223-84392EA13923}.Release|Any CPU.Build.0 = Release|Any CPU
		{112D63C3-EEF7-445D-BB88-71AF66ECB6A4}.Debug|Any CPU.ActiveCfg = Debug|Any CPU
		{112D63C3-EEF7-445D-BB88-71AF66ECB6A4}.Debug|Any CPU.Build.0 = Debug|Any CPU
		{112D63C3-EEF7-445D-BB88-71AF66ECB6A4}.Release|Any CPU.ActiveCfg = Release|Any CPU
		{112D63C3-EEF7-445D-BB88-71AF66ECB6A4}.Release|Any CPU.Build.0 = Release|Any CPU
		{FA825F0B-EB5C-4CDC-ADFE-1D4040AC5CFE}.Debug|Any CPU.ActiveCfg = Debug|Any CPU
		{FA825F0B-EB5C-4CDC-ADFE-1D4040AC5CFE}.Debug|Any CPU.Build.0 = Debug|Any CPU
		{FA825F0B-EB5C-4CDC-ADFE-1D4040AC5CFE}.Release|Any CPU.ActiveCfg = Release|Any CPU
		{FA825F0B-EB5C-4CDC-ADFE-1D4040AC5CFE}.Release|Any CPU.Build.0 = Release|Any CPU
		{CD9A2293-7C6A-420C-BE22-F570E0CD1B97}.Debug|Any CPU.ActiveCfg = Debug|Any CPU
		{CD9A2293-7C6A-420C-BE22-F570E0CD1B97}.Debug|Any CPU.Build.0 = Debug|Any CPU
		{CD9A2293-7C6A-420C-BE22-F570E0CD1B97}.Release|Any CPU.ActiveCfg = Release|Any CPU
		{CD9A2293-7C6A-420C-BE22-F570E0CD1B97}.Release|Any CPU.Build.0 = Release|Any CPU
		{CCC3D646-DC87-486D-B834-A1CCE2FAC6ED}.Debug|Any CPU.ActiveCfg = Debug|Any CPU
		{CCC3D646-DC87-486D-B834-A1CCE2FAC6ED}.Debug|Any CPU.Build.0 = Debug|Any CPU
		{CCC3D646-DC87-486D-B834-A1CCE2FAC6ED}.Release|Any CPU.ActiveCfg = Release|Any CPU
		{CCC3D646-DC87-486D-B834-A1CCE2FAC6ED}.Release|Any CPU.Build.0 = Release|Any CPU
		{4CAE0F6A-D699-449D-8D18-BB3D18A5D6EE}.Debug|Any CPU.ActiveCfg = Debug|Any CPU
		{4CAE0F6A-D699-449D-8D18-BB3D18A5D6EE}.Debug|Any CPU.Build.0 = Debug|Any CPU
		{4CAE0F6A-D699-449D-8D18-BB3D18A5D6EE}.Release|Any CPU.ActiveCfg = Release|Any CPU
		{4CAE0F6A-D699-449D-8D18-BB3D18A5D6EE}.Release|Any CPU.Build.0 = Release|Any CPU
		{E9483423-C93C-4F10-A561-24E03216F733}.Debug|Any CPU.ActiveCfg = Debug|Any CPU
		{E9483423-C93C-4F10-A561-24E03216F733}.Debug|Any CPU.Build.0 = Debug|Any CPU
		{E9483423-C93C-4F10-A561-24E03216F733}.Release|Any CPU.ActiveCfg = Release|Any CPU
		{E9483423-C93C-4F10-A561-24E03216F733}.Release|Any CPU.Build.0 = Release|Any CPU
		{20A764AD-D675-4CB7-BDD8-AE933669BFCE}.Debug|Any CPU.ActiveCfg = Debug|Any CPU
		{20A764AD-D675-4CB7-BDD8-AE933669BFCE}.Debug|Any CPU.Build.0 = Debug|Any CPU
		{20A764AD-D675-4CB7-BDD8-AE933669BFCE}.Release|Any CPU.ActiveCfg = Release|Any CPU
		{20A764AD-D675-4CB7-BDD8-AE933669BFCE}.Release|Any CPU.Build.0 = Release|Any CPU
		{C5231B7C-4DB5-4486-89D1-D480E25024B0}.Debug|Any CPU.ActiveCfg = Debug|Any CPU
		{C5231B7C-4DB5-4486-89D1-D480E25024B0}.Debug|Any CPU.Build.0 = Debug|Any CPU
		{C5231B7C-4DB5-4486-89D1-D480E25024B0}.Release|Any CPU.ActiveCfg = Release|Any CPU
		{C5231B7C-4DB5-4486-89D1-D480E25024B0}.Release|Any CPU.Build.0 = Release|Any CPU
		{AAAC7D88-6C31-4385-B505-560B1D74A608}.Debug|Any CPU.ActiveCfg = Debug|Any CPU
		{AAAC7D88-6C31-4385-B505-560B1D74A608}.Debug|Any CPU.Build.0 = Debug|Any CPU
		{AAAC7D88-6C31-4385-B505-560B1D74A608}.Release|Any CPU.ActiveCfg = Release|Any CPU
		{AAAC7D88-6C31-4385-B505-560B1D74A608}.Release|Any CPU.Build.0 = Release|Any CPU
		{611818B3-10EF-4D5E-8E3D-137F21F9C22E}.Debug|Any CPU.ActiveCfg = Debug|Any CPU
		{611818B3-10EF-4D5E-8E3D-137F21F9C22E}.Debug|Any CPU.Build.0 = Debug|Any CPU
		{611818B3-10EF-4D5E-8E3D-137F21F9C22E}.Release|Any CPU.ActiveCfg = Release|Any CPU
		{611818B3-10EF-4D5E-8E3D-137F21F9C22E}.Release|Any CPU.Build.0 = Release|Any CPU
		{E6306E40-35BA-49B7-A6F8-C159CEBB44B4}.Debug|Any CPU.ActiveCfg = Debug|Any CPU
		{E6306E40-35BA-49B7-A6F8-C159CEBB44B4}.Debug|Any CPU.Build.0 = Debug|Any CPU
		{E6306E40-35BA-49B7-A6F8-C159CEBB44B4}.Release|Any CPU.ActiveCfg = Release|Any CPU
		{E6306E40-35BA-49B7-A6F8-C159CEBB44B4}.Release|Any CPU.Build.0 = Release|Any CPU
		{E932EC6B-5A0A-4C5A-875C-1269BC01CFE1}.Debug|Any CPU.ActiveCfg = Debug|Any CPU
		{E932EC6B-5A0A-4C5A-875C-1269BC01CFE1}.Debug|Any CPU.Build.0 = Debug|Any CPU
		{E932EC6B-5A0A-4C5A-875C-1269BC01CFE1}.Release|Any CPU.ActiveCfg = Release|Any CPU
		{E932EC6B-5A0A-4C5A-875C-1269BC01CFE1}.Release|Any CPU.Build.0 = Release|Any CPU
		{47A78FDB-3C27-426C-8A82-AD7F3E35A1D2}.Debug|Any CPU.ActiveCfg = Debug|Any CPU
		{47A78FDB-3C27-426C-8A82-AD7F3E35A1D2}.Debug|Any CPU.Build.0 = Debug|Any CPU
		{47A78FDB-3C27-426C-8A82-AD7F3E35A1D2}.Release|Any CPU.ActiveCfg = Release|Any CPU
		{47A78FDB-3C27-426C-8A82-AD7F3E35A1D2}.Release|Any CPU.Build.0 = Release|Any CPU
		{15B31954-A73C-4FF3-94FF-3FB6262D5E24}.Debug|Any CPU.ActiveCfg = Debug|Any CPU
		{15B31954-A73C-4FF3-94FF-3FB6262D5E24}.Debug|Any CPU.Build.0 = Debug|Any CPU
		{15B31954-A73C-4FF3-94FF-3FB6262D5E24}.Release|Any CPU.ActiveCfg = Release|Any CPU
		{15B31954-A73C-4FF3-94FF-3FB6262D5E24}.Release|Any CPU.Build.0 = Release|Any CPU
		{9A0027E0-E648-4884-B6F7-2A1F0BAFB1FE}.Debug|Any CPU.ActiveCfg = Debug|Any CPU
		{9A0027E0-E648-4884-B6F7-2A1F0BAFB1FE}.Debug|Any CPU.Build.0 = Debug|Any CPU
		{9A0027E0-E648-4884-B6F7-2A1F0BAFB1FE}.Release|Any CPU.ActiveCfg = Release|Any CPU
		{9A0027E0-E648-4884-B6F7-2A1F0BAFB1FE}.Release|Any CPU.Build.0 = Release|Any CPU
		{AF31B444-7749-4B53-9CA9-C43ECE4F5C0E}.Debug|Any CPU.ActiveCfg = Debug|Any CPU
		{AF31B444-7749-4B53-9CA9-C43ECE4F5C0E}.Debug|Any CPU.Build.0 = Debug|Any CPU
		{AF31B444-7749-4B53-9CA9-C43ECE4F5C0E}.Release|Any CPU.ActiveCfg = Release|Any CPU
		{AF31B444-7749-4B53-9CA9-C43ECE4F5C0E}.Release|Any CPU.Build.0 = Release|Any CPU
		{6D032B2A-698D-4FF1-80C5-AA2D11BD1560}.Debug|Any CPU.ActiveCfg = Debug|Any CPU
		{6D032B2A-698D-4FF1-80C5-AA2D11BD1560}.Debug|Any CPU.Build.0 = Debug|Any CPU
		{6D032B2A-698D-4FF1-80C5-AA2D11BD1560}.Release|Any CPU.ActiveCfg = Release|Any CPU
		{6D032B2A-698D-4FF1-80C5-AA2D11BD1560}.Release|Any CPU.Build.0 = Release|Any CPU
		{864E955F-1D5E-43E8-B4F6-53E6AEC7EBAF}.Debug|Any CPU.ActiveCfg = Debug|Any CPU
		{864E955F-1D5E-43E8-B4F6-53E6AEC7EBAF}.Debug|Any CPU.Build.0 = Debug|Any CPU
		{864E955F-1D5E-43E8-B4F6-53E6AEC7EBAF}.Release|Any CPU.ActiveCfg = Release|Any CPU
		{864E955F-1D5E-43E8-B4F6-53E6AEC7EBAF}.Release|Any CPU.Build.0 = Release|Any CPU
		{C32DE432-1CBE-4E1F-971A-796054BF6193}.Debug|Any CPU.ActiveCfg = Debug|Any CPU
		{C32DE432-1CBE-4E1F-971A-796054BF6193}.Debug|Any CPU.Build.0 = Debug|Any CPU
		{C32DE432-1CBE-4E1F-971A-796054BF6193}.Release|Any CPU.ActiveCfg = Release|Any CPU
		{C32DE432-1CBE-4E1F-971A-796054BF6193}.Release|Any CPU.Build.0 = Release|Any CPU
		{01B25983-4CAC-4ADF-B07B-193D4456BE74}.Debug|Any CPU.ActiveCfg = Debug|Any CPU
		{01B25983-4CAC-4ADF-B07B-193D4456BE74}.Debug|Any CPU.Build.0 = Debug|Any CPU
		{01B25983-4CAC-4ADF-B07B-193D4456BE74}.Release|Any CPU.ActiveCfg = Release|Any CPU
		{01B25983-4CAC-4ADF-B07B-193D4456BE74}.Release|Any CPU.Build.0 = Release|Any CPU
		{77A42363-67B7-489F-9F1E-4F7601547D06}.Debug|Any CPU.ActiveCfg = Debug|Any CPU
		{77A42363-67B7-489F-9F1E-4F7601547D06}.Debug|Any CPU.Build.0 = Debug|Any CPU
		{77A42363-67B7-489F-9F1E-4F7601547D06}.Release|Any CPU.ActiveCfg = Release|Any CPU
		{77A42363-67B7-489F-9F1E-4F7601547D06}.Release|Any CPU.Build.0 = Release|Any CPU
		{D638CC64-60C7-4966-81B4-BE1D4821D384}.Debug|Any CPU.ActiveCfg = Debug|Any CPU
		{D638CC64-60C7-4966-81B4-BE1D4821D384}.Debug|Any CPU.Build.0 = Debug|Any CPU
		{D638CC64-60C7-4966-81B4-BE1D4821D384}.Release|Any CPU.ActiveCfg = Release|Any CPU
		{D638CC64-60C7-4966-81B4-BE1D4821D384}.Release|Any CPU.Build.0 = Release|Any CPU
		{1A38E39A-3B5D-48FD-A5E2-83B4A04D0471}.Debug|Any CPU.ActiveCfg = Debug|Any CPU
		{1A38E39A-3B5D-48FD-A5E2-83B4A04D0471}.Debug|Any CPU.Build.0 = Debug|Any CPU
		{1A38E39A-3B5D-48FD-A5E2-83B4A04D0471}.Release|Any CPU.ActiveCfg = Release|Any CPU
		{1A38E39A-3B5D-48FD-A5E2-83B4A04D0471}.Release|Any CPU.Build.0 = Release|Any CPU
		{A988DABA-1FC6-4A80-B4BA-52B82903D79D}.Debug|Any CPU.ActiveCfg = Debug|Any CPU
		{A988DABA-1FC6-4A80-B4BA-52B82903D79D}.Debug|Any CPU.Build.0 = Debug|Any CPU
		{A988DABA-1FC6-4A80-B4BA-52B82903D79D}.Release|Any CPU.ActiveCfg = Release|Any CPU
		{A988DABA-1FC6-4A80-B4BA-52B82903D79D}.Release|Any CPU.Build.0 = Release|Any CPU
		{12AB8CFA-AF67-4547-A65B-9CAC8EA4E8E8}.Debug|Any CPU.ActiveCfg = Debug|Any CPU
		{12AB8CFA-AF67-4547-A65B-9CAC8EA4E8E8}.Debug|Any CPU.Build.0 = Debug|Any CPU
		{12AB8CFA-AF67-4547-A65B-9CAC8EA4E8E8}.Release|Any CPU.ActiveCfg = Release|Any CPU
		{12AB8CFA-AF67-4547-A65B-9CAC8EA4E8E8}.Release|Any CPU.Build.0 = Release|Any CPU
		{312E9CEA-1D02-4341-96C4-2A61939BBB34}.Debug|Any CPU.ActiveCfg = Debug|Any CPU
		{312E9CEA-1D02-4341-96C4-2A61939BBB34}.Debug|Any CPU.Build.0 = Debug|Any CPU
		{312E9CEA-1D02-4341-96C4-2A61939BBB34}.Release|Any CPU.ActiveCfg = Release|Any CPU
		{312E9CEA-1D02-4341-96C4-2A61939BBB34}.Release|Any CPU.Build.0 = Release|Any CPU
		{38626826-1C9F-45E7-9851-40E991D74147}.Debug|Any CPU.ActiveCfg = Debug|Any CPU
		{38626826-1C9F-45E7-9851-40E991D74147}.Debug|Any CPU.Build.0 = Debug|Any CPU
		{38626826-1C9F-45E7-9851-40E991D74147}.Release|Any CPU.ActiveCfg = Release|Any CPU
		{38626826-1C9F-45E7-9851-40E991D74147}.Release|Any CPU.Build.0 = Release|Any CPU
		{C1581444-5788-4AC5-9CF6-0059478B1CC3}.Debug|Any CPU.ActiveCfg = Debug|Any CPU
		{C1581444-5788-4AC5-9CF6-0059478B1CC3}.Debug|Any CPU.Build.0 = Debug|Any CPU
		{C1581444-5788-4AC5-9CF6-0059478B1CC3}.Release|Any CPU.ActiveCfg = Release|Any CPU
		{C1581444-5788-4AC5-9CF6-0059478B1CC3}.Release|Any CPU.Build.0 = Release|Any CPU
		{D35F6049-01C7-4929-B6B1-549B7CA2C7CF}.Debug|Any CPU.ActiveCfg = Debug|Any CPU
		{D35F6049-01C7-4929-B6B1-549B7CA2C7CF}.Debug|Any CPU.Build.0 = Debug|Any CPU
		{D35F6049-01C7-4929-B6B1-549B7CA2C7CF}.Release|Any CPU.ActiveCfg = Release|Any CPU
		{D35F6049-01C7-4929-B6B1-549B7CA2C7CF}.Release|Any CPU.Build.0 = Release|Any CPU
		{6B2AEE86-BA8C-43B0-AC36-61FF676244A6}.Debug|Any CPU.ActiveCfg = Debug|Any CPU
		{6B2AEE86-BA8C-43B0-AC36-61FF676244A6}.Debug|Any CPU.Build.0 = Debug|Any CPU
		{6B2AEE86-BA8C-43B0-AC36-61FF676244A6}.Release|Any CPU.ActiveCfg = Release|Any CPU
		{6B2AEE86-BA8C-43B0-AC36-61FF676244A6}.Release|Any CPU.Build.0 = Release|Any CPU
		{B6B5915E-4D7D-4BF1-AC39-861509AD122B}.Debug|Any CPU.ActiveCfg = Debug|Any CPU
		{B6B5915E-4D7D-4BF1-AC39-861509AD122B}.Debug|Any CPU.Build.0 = Debug|Any CPU
		{B6B5915E-4D7D-4BF1-AC39-861509AD122B}.Release|Any CPU.ActiveCfg = Release|Any CPU
		{B6B5915E-4D7D-4BF1-AC39-861509AD122B}.Release|Any CPU.Build.0 = Release|Any CPU
		{40BD8D50-20D1-4062-B439-AA3091F4F9EE}.Debug|Any CPU.ActiveCfg = Debug|Any CPU
		{40BD8D50-20D1-4062-B439-AA3091F4F9EE}.Debug|Any CPU.Build.0 = Debug|Any CPU
		{40BD8D50-20D1-4062-B439-AA3091F4F9EE}.Release|Any CPU.ActiveCfg = Release|Any CPU
		{40BD8D50-20D1-4062-B439-AA3091F4F9EE}.Release|Any CPU.Build.0 = Release|Any CPU
		{B2EAC635-2DAE-422F-89D3-9E1C04D88E81}.Debug|Any CPU.ActiveCfg = Debug|Any CPU
		{B2EAC635-2DAE-422F-89D3-9E1C04D88E81}.Debug|Any CPU.Build.0 = Debug|Any CPU
		{B2EAC635-2DAE-422F-89D3-9E1C04D88E81}.Release|Any CPU.ActiveCfg = Release|Any CPU
		{B2EAC635-2DAE-422F-89D3-9E1C04D88E81}.Release|Any CPU.Build.0 = Release|Any CPU
		{717F6DD7-A863-4613-A89B-4A3B911DD596}.Debug|Any CPU.ActiveCfg = Debug|Any CPU
		{717F6DD7-A863-4613-A89B-4A3B911DD596}.Debug|Any CPU.Build.0 = Debug|Any CPU
		{717F6DD7-A863-4613-A89B-4A3B911DD596}.Release|Any CPU.ActiveCfg = Release|Any CPU
		{717F6DD7-A863-4613-A89B-4A3B911DD596}.Release|Any CPU.Build.0 = Release|Any CPU
		{83E21D27-F60E-4197-B635-58A8B1C9623F}.Debug|Any CPU.ActiveCfg = Debug|Any CPU
		{83E21D27-F60E-4197-B635-58A8B1C9623F}.Debug|Any CPU.Build.0 = Debug|Any CPU
		{83E21D27-F60E-4197-B635-58A8B1C9623F}.Release|Any CPU.ActiveCfg = Release|Any CPU
		{83E21D27-F60E-4197-B635-58A8B1C9623F}.Release|Any CPU.Build.0 = Release|Any CPU
		{21CD3165-E0D9-4FB2-8EF0-4735B6B8EEC9}.Debug|Any CPU.ActiveCfg = Debug|Any CPU
		{21CD3165-E0D9-4FB2-8EF0-4735B6B8EEC9}.Debug|Any CPU.Build.0 = Debug|Any CPU
		{21CD3165-E0D9-4FB2-8EF0-4735B6B8EEC9}.Release|Any CPU.ActiveCfg = Release|Any CPU
		{21CD3165-E0D9-4FB2-8EF0-4735B6B8EEC9}.Release|Any CPU.Build.0 = Release|Any CPU
		{446001AA-010F-453C-9C88-7BE4ADA690B2}.Debug|Any CPU.ActiveCfg = Debug|Any CPU
		{446001AA-010F-453C-9C88-7BE4ADA690B2}.Debug|Any CPU.Build.0 = Debug|Any CPU
		{446001AA-010F-453C-9C88-7BE4ADA690B2}.Release|Any CPU.ActiveCfg = Release|Any CPU
		{446001AA-010F-453C-9C88-7BE4ADA690B2}.Release|Any CPU.Build.0 = Release|Any CPU
		{1992A878-FFBF-430B-9767-04277C8F2643}.Debug|Any CPU.ActiveCfg = Debug|Any CPU
		{1992A878-FFBF-430B-9767-04277C8F2643}.Debug|Any CPU.Build.0 = Debug|Any CPU
		{1992A878-FFBF-430B-9767-04277C8F2643}.Release|Any CPU.ActiveCfg = Release|Any CPU
		{1992A878-FFBF-430B-9767-04277C8F2643}.Release|Any CPU.Build.0 = Release|Any CPU
		{8ECA10BD-ABDB-4C4F-90BC-A33D15B78F30}.Debug|Any CPU.ActiveCfg = Debug|Any CPU
		{8ECA10BD-ABDB-4C4F-90BC-A33D15B78F30}.Debug|Any CPU.Build.0 = Debug|Any CPU
		{8ECA10BD-ABDB-4C4F-90BC-A33D15B78F30}.Release|Any CPU.ActiveCfg = Release|Any CPU
		{8ECA10BD-ABDB-4C4F-90BC-A33D15B78F30}.Release|Any CPU.Build.0 = Release|Any CPU
		{5D49D375-709F-45BC-BE26-13855DC59E90}.Debug|Any CPU.ActiveCfg = Debug|Any CPU
		{5D49D375-709F-45BC-BE26-13855DC59E90}.Debug|Any CPU.Build.0 = Debug|Any CPU
		{5D49D375-709F-45BC-BE26-13855DC59E90}.Release|Any CPU.ActiveCfg = Release|Any CPU
		{5D49D375-709F-45BC-BE26-13855DC59E90}.Release|Any CPU.Build.0 = Release|Any CPU
		{3B1E4974-6610-4E13-9799-9B246DCC3BF4}.Debug|Any CPU.ActiveCfg = Debug|Any CPU
		{3B1E4974-6610-4E13-9799-9B246DCC3BF4}.Debug|Any CPU.Build.0 = Debug|Any CPU
		{3B1E4974-6610-4E13-9799-9B246DCC3BF4}.Release|Any CPU.ActiveCfg = Release|Any CPU
		{3B1E4974-6610-4E13-9799-9B246DCC3BF4}.Release|Any CPU.Build.0 = Release|Any CPU
		{CD35C7B8-0299-480E-9095-AD717137214C}.Debug|Any CPU.ActiveCfg = Debug|Any CPU
		{CD35C7B8-0299-480E-9095-AD717137214C}.Debug|Any CPU.Build.0 = Debug|Any CPU
		{CD35C7B8-0299-480E-9095-AD717137214C}.Release|Any CPU.ActiveCfg = Release|Any CPU
		{CD35C7B8-0299-480E-9095-AD717137214C}.Release|Any CPU.Build.0 = Release|Any CPU
		{B820CC88-F866-4272-BA68-05431B4316FD}.Debug|Any CPU.ActiveCfg = Debug|Any CPU
		{B820CC88-F866-4272-BA68-05431B4316FD}.Debug|Any CPU.Build.0 = Debug|Any CPU
		{B820CC88-F866-4272-BA68-05431B4316FD}.Release|Any CPU.ActiveCfg = Release|Any CPU
		{B820CC88-F866-4272-BA68-05431B4316FD}.Release|Any CPU.Build.0 = Release|Any CPU
		{9369E073-4935-4EBE-B466-74A2786E4EFC}.Debug|Any CPU.ActiveCfg = Debug|Any CPU
		{9369E073-4935-4EBE-B466-74A2786E4EFC}.Debug|Any CPU.Build.0 = Debug|Any CPU
		{9369E073-4935-4EBE-B466-74A2786E4EFC}.Release|Any CPU.ActiveCfg = Release|Any CPU
		{9369E073-4935-4EBE-B466-74A2786E4EFC}.Release|Any CPU.Build.0 = Release|Any CPU
		{E3815A46-B031-4FA3-99EC-F9BCA013F527}.Debug|Any CPU.ActiveCfg = Debug|Any CPU
		{E3815A46-B031-4FA3-99EC-F9BCA013F527}.Debug|Any CPU.Build.0 = Debug|Any CPU
		{E3815A46-B031-4FA3-99EC-F9BCA013F527}.Release|Any CPU.ActiveCfg = Release|Any CPU
		{E3815A46-B031-4FA3-99EC-F9BCA013F527}.Release|Any CPU.Build.0 = Release|Any CPU
		{15DEBF20-D948-4457-84E8-48FDFC085072}.Debug|Any CPU.ActiveCfg = Debug|Any CPU
		{15DEBF20-D948-4457-84E8-48FDFC085072}.Debug|Any CPU.Build.0 = Debug|Any CPU
		{15DEBF20-D948-4457-84E8-48FDFC085072}.Release|Any CPU.ActiveCfg = Release|Any CPU
		{15DEBF20-D948-4457-84E8-48FDFC085072}.Release|Any CPU.Build.0 = Release|Any CPU
		{EDA61638-88FF-4BCD-925C-FF12F7FE55C9}.Debug|Any CPU.ActiveCfg = Debug|Any CPU
		{EDA61638-88FF-4BCD-925C-FF12F7FE55C9}.Debug|Any CPU.Build.0 = Debug|Any CPU
		{EDA61638-88FF-4BCD-925C-FF12F7FE55C9}.Release|Any CPU.ActiveCfg = Release|Any CPU
		{EDA61638-88FF-4BCD-925C-FF12F7FE55C9}.Release|Any CPU.Build.0 = Release|Any CPU
	EndGlobalSection
	GlobalSection(SolutionProperties) = preSolution
		HideSolutionNode = FALSE
	EndGlobalSection
	GlobalSection(NestedProjects) = preSolution
		{AF26785C-2DBE-4B12-AB27-3C8E6EA2E60E} = {31800CA5-465E-4D82-BC45-74E9474EAE3E}
		{66889A13-7084-4D2E-BB68-32D5DDAAE4FB} = {31800CA5-465E-4D82-BC45-74E9474EAE3E}
		{720BF3CB-251F-4C96-979A-F5DA0BD5F261} = {31800CA5-465E-4D82-BC45-74E9474EAE3E}
		{D74A251C-DA47-4CB3-AAFF-D05123BC8E03} = {31800CA5-465E-4D82-BC45-74E9474EAE3E}
		{5F2DF175-3133-4878-AB6B-0E9F496DF736} = {31800CA5-465E-4D82-BC45-74E9474EAE3E}
		{4D8EB89C-F36F-498A-9223-84392EA13923} = {31800CA5-465E-4D82-BC45-74E9474EAE3E}
		{112D63C3-EEF7-445D-BB88-71AF66ECB6A4} = {C4FBA74A-0E65-46E8-ABA4-59B8EC17FCC9}
		{FA825F0B-EB5C-4CDC-ADFE-1D4040AC5CFE} = {C4FBA74A-0E65-46E8-ABA4-59B8EC17FCC9}
		{CD9A2293-7C6A-420C-BE22-F570E0CD1B97} = {C4FBA74A-0E65-46E8-ABA4-59B8EC17FCC9}
		{CCC3D646-DC87-486D-B834-A1CCE2FAC6ED} = {C4FBA74A-0E65-46E8-ABA4-59B8EC17FCC9}
		{4CAE0F6A-D699-449D-8D18-BB3D18A5D6EE} = {C4FBA74A-0E65-46E8-ABA4-59B8EC17FCC9}
		{E9483423-C93C-4F10-A561-24E03216F733} = {C4FBA74A-0E65-46E8-ABA4-59B8EC17FCC9}
		{20A764AD-D675-4CB7-BDD8-AE933669BFCE} = {C4FBA74A-0E65-46E8-ABA4-59B8EC17FCC9}
		{C5231B7C-4DB5-4486-89D1-D480E25024B0} = {C4FBA74A-0E65-46E8-ABA4-59B8EC17FCC9}
		{AAAC7D88-6C31-4385-B505-560B1D74A608} = {ABC3303D-2320-46C2-AD68-DC417B6D9826}
		{611818B3-10EF-4D5E-8E3D-137F21F9C22E} = {ABC3303D-2320-46C2-AD68-DC417B6D9826}
		{E6306E40-35BA-49B7-A6F8-C159CEBB44B4} = {ABC3303D-2320-46C2-AD68-DC417B6D9826}
		{E932EC6B-5A0A-4C5A-875C-1269BC01CFE1} = {ABC3303D-2320-46C2-AD68-DC417B6D9826}
		{47A78FDB-3C27-426C-8A82-AD7F3E35A1D2} = {ABC3303D-2320-46C2-AD68-DC417B6D9826}
		{15B31954-A73C-4FF3-94FF-3FB6262D5E24} = {0BAB816F-7949-45A0-B1FD-E80F6B1CC40A}
		{9A0027E0-E648-4884-B6F7-2A1F0BAFB1FE} = {0BAB816F-7949-45A0-B1FD-E80F6B1CC40A}
		{AF31B444-7749-4B53-9CA9-C43ECE4F5C0E} = {0BAB816F-7949-45A0-B1FD-E80F6B1CC40A}
		{6D032B2A-698D-4FF1-80C5-AA2D11BD1560} = {0BAB816F-7949-45A0-B1FD-E80F6B1CC40A}
		{864E955F-1D5E-43E8-B4F6-53E6AEC7EBAF} = {0BAB816F-7949-45A0-B1FD-E80F6B1CC40A}
		{C32DE432-1CBE-4E1F-971A-796054BF6193} = {0BAB816F-7949-45A0-B1FD-E80F6B1CC40A}
		{01B25983-4CAC-4ADF-B07B-193D4456BE74} = {0BAB816F-7949-45A0-B1FD-E80F6B1CC40A}
		{77A42363-67B7-489F-9F1E-4F7601547D06} = {62A7CC75-CD4F-4B38-B082-3760FE048E0A}
		{D638CC64-60C7-4966-81B4-BE1D4821D384} = {62A7CC75-CD4F-4B38-B082-3760FE048E0A}
		{1A38E39A-3B5D-48FD-A5E2-83B4A04D0471} = {62A7CC75-CD4F-4B38-B082-3760FE048E0A}
		{A988DABA-1FC6-4A80-B4BA-52B82903D79D} = {62A7CC75-CD4F-4B38-B082-3760FE048E0A}
		{12AB8CFA-AF67-4547-A65B-9CAC8EA4E8E8} = {62A7CC75-CD4F-4B38-B082-3760FE048E0A}
		{312E9CEA-1D02-4341-96C4-2A61939BBB34} = {8383E689-E258-4788-AE71-FB8D9B80D92B}
		{38626826-1C9F-45E7-9851-40E991D74147} = {8383E689-E258-4788-AE71-FB8D9B80D92B}
		{C1581444-5788-4AC5-9CF6-0059478B1CC3} = {8383E689-E258-4788-AE71-FB8D9B80D92B}
		{D35F6049-01C7-4929-B6B1-549B7CA2C7CF} = {8383E689-E258-4788-AE71-FB8D9B80D92B}
		{6B2AEE86-BA8C-43B0-AC36-61FF676244A6} = {8383E689-E258-4788-AE71-FB8D9B80D92B}
		{40BD8D50-20D1-4062-B439-AA3091F4F9EE} = {AE95B84C-F4D8-46CC-9488-0A2C6F49E84B}
		{B2EAC635-2DAE-422F-89D3-9E1C04D88E81} = {AE95B84C-F4D8-46CC-9488-0A2C6F49E84B}
		{717F6DD7-A863-4613-A89B-4A3B911DD596} = {AE95B84C-F4D8-46CC-9488-0A2C6F49E84B}
		{83E21D27-F60E-4197-B635-58A8B1C9623F} = {D2B799D7-212E-4D24-863F-2FEA884977F9}
		{21CD3165-E0D9-4FB2-8EF0-4735B6B8EEC9} = {D2B799D7-212E-4D24-863F-2FEA884977F9}
		{446001AA-010F-453C-9C88-7BE4ADA690B2} = {D2B799D7-212E-4D24-863F-2FEA884977F9}
		{1992A878-FFBF-430B-9767-04277C8F2643} = {D2B799D7-212E-4D24-863F-2FEA884977F9}
		{8ECA10BD-ABDB-4C4F-90BC-A33D15B78F30} = {D2B799D7-212E-4D24-863F-2FEA884977F9}
		{5D49D375-709F-45BC-BE26-13855DC59E90} = {D2B799D7-212E-4D24-863F-2FEA884977F9}
		{3B1E4974-6610-4E13-9799-9B246DCC3BF4} = {1B9687A7-3AFF-4A62-8C22-18F02C58F431}
		{CD35C7B8-0299-480E-9095-AD717137214C} = {1B9687A7-3AFF-4A62-8C22-18F02C58F431}
		{B820CC88-F866-4272-BA68-05431B4316FD} = {157B93DF-4DF1-4586-BD31-95D58E685AF9}
		{9369E073-4935-4EBE-B466-74A2786E4EFC} = {157B93DF-4DF1-4586-BD31-95D58E685AF9}
		{E3815A46-B031-4FA3-99EC-F9BCA013F527} = {157B93DF-4DF1-4586-BD31-95D58E685AF9}
		{15DEBF20-D948-4457-84E8-48FDFC085072} = {5B3D948C-1C65-4065-8145-A7120138B39A}
		{EDA61638-88FF-4BCD-925C-FF12F7FE55C9} = {5B3D948C-1C65-4065-8145-A7120138B39A}
	EndGlobalSection
	GlobalSection(ExtensibilityGlobals) = postSolution
		SolutionGuid = {25BA15A2-C5BE-45DA-919A-75685D09A0EA}
	EndGlobalSection
EndGlobal
